
Microsoft Visual Studio Solution File, Format Version 12.00
# Visual Studio 14
VisualStudioVersion = 14.0.25420.1
MinimumVisualStudioVersion = 10.0.40219.1
Project("{FAE04EC0-301F-11D3-BF4B-00C04F79EFBC}") = "Performance.Console", "Performance.Console\Performance.Console.csproj", "{463AB33E-FDCF-452C-8D79-991C008AAA51}"
EndProject
Project("{FAE04EC0-301F-11D3-BF4B-00C04F79EFBC}") = "Performance.Infra", "Performance.Infra\Performance.Infra.csproj", "{BCB69F2B-DDE7-4E10-BFFB-EC3BBF4450FF}"
EndProject
Project("{FAE04EC0-301F-11D3-BF4B-00C04F79EFBC}") = "performace.domain", "performace.domain\performace.domain.csproj", "{3E213E26-9B60-4E0B-8D2A-B7AA41A01BC4}"
EndProject
Global
	GlobalSection(SolutionConfigurationPlatforms) = preSolution
		Debug|Any CPU = Debug|Any CPU
		Release|Any CPU = Release|Any CPU
	EndGlobalSection
	GlobalSection(ProjectConfigurationPlatforms) = postSolution
		{463AB33E-FDCF-452C-8D79-991C008AAA51}.Debug|Any CPU.ActiveCfg = Debug|Any CPU
		{463AB33E-FDCF-452C-8D79-991C008AAA51}.Debug|Any CPU.Build.0 = Debug|Any CPU
		{463AB33E-FDCF-452C-8D79-991C008AAA51}.Release|Any CPU.ActiveCfg = Release|Any CPU
		{463AB33E-FDCF-452C-8D79-991C008AAA51}.Release|Any CPU.Build.0 = Release|Any CPU
		{BCB69F2B-DDE7-4E10-BFFB-EC3BBF4450FF}.Debug|Any CPU.ActiveCfg = Debug|Any CPU
		{BCB69F2B-DDE7-4E10-BFFB-EC3BBF4450FF}.Debug|Any CPU.Build.0 = Debug|Any CPU
		{BCB69F2B-DDE7-4E10-BFFB-EC3BBF4450FF}.Release|Any CPU.ActiveCfg = Release|Any CPU
		{BCB69F2B-DDE7-4E10-BFFB-EC3BBF4450FF}.Release|Any CPU.Build.0 = Release|Any CPU
		{3E213E26-9B60-4E0B-8D2A-B7AA41A01BC4}.Debug|Any CPU.ActiveCfg = Debug|Any CPU
		{3E213E26-9B60-4E0B-8D2A-B7AA41A01BC4}.Debug|Any CPU.Build.0 = Debug|Any CPU
		{3E213E26-9B60-4E0B-8D2A-B7AA41A01BC4}.Release|Any CPU.ActiveCfg = Release|Any CPU
		{3E213E26-9B60-4E0B-8D2A-B7AA41A01BC4}.Release|Any CPU.Build.0 = Release|Any CPU
	EndGlobalSection
	GlobalSection(SolutionProperties) = preSolution
		HideSolutionNode = FALSE
	EndGlobalSection
EndGlobal
